
Microsoft Visual Studio Solution File, Format Version 11.00
# Visual Studio 2010
Project("{FAE04EC0-301F-11D3-BF4B-00C04F79EFBC}") = "testvault", "testvault\testvault.csproj", "{A2D48155-00E0-45CA-9010-7796F46C2A7E}"
EndProject
Project("{FAE04EC0-301F-11D3-BF4B-00C04F79EFBC}") = "TestVault.Core", "TestVault.Core\TestVault.Core.csproj", "{5935E636-58F3-42BF-A512-200BDE04B5C1}"
EndProject
Project("{FAE04EC0-301F-11D3-BF4B-00C04F79EFBC}") = "TestVault.Data", "TestVault.Data\TestVault.Data.csproj", "{8C1D9A79-D6C5-4257-9B3C-92CBD5A02280}"
EndProject
Project("{FAE04EC0-301F-11D3-BF4B-00C04F79EFBC}") = "TestVault.Data.SQLite", "TestVault.Data.SQLite\TestVault.Data.SQLite.csproj", "{5EA19EAF-3C9B-4BB5-B5FA-F2D8F1B4F31A}"
EndProject
Project("{FAE04EC0-301F-11D3-BF4B-00C04F79EFBC}") = "TestVault.Data.Tests", "TestVault.Data.Tests\TestVault.Data.Tests.csproj", "{21386A56-90EA-4B20-8EBE-F203B1F9C2E9}"
EndProject
Project("{FAE04EC0-301F-11D3-BF4B-00C04F79EFBC}") = "TestVault.NUnit", "TestVault.NUnit\TestVault.NUnit.csproj", "{B100B96E-5126-42ED-9DFB-5B503153E03C}"
EndProject
Project("{FAE04EC0-301F-11D3-BF4B-00C04F79EFBC}") = "TestVault.NUnit.Thales", "TestVault.NUnit.Thales\TestVault.NUnit.Thales.csproj", "{E0768D6A-9AC9-49DC-9AAA-38D6D9B17644}"
EndProject
Project("{FAE04EC0-301F-11D3-BF4B-00C04F79EFBC}") = "testvault_submit", "testvault_submit\testvault_submit.csproj", "{599BD9F1-568F-4179-8265-433084F48D0A}"
EndProject
Project("{9344bdbb-3e7f-41fc-a0dd-8665d75ee146}") = "Packages", "Packages.mdproj", "{2F9C975F-F200-4AD7-8709-009386BA1DB8}"
EndProject
Global
	GlobalSection(SolutionConfigurationPlatforms) = preSolution
		Debug|x86 = Debug|x86
		Release|x86 = Release|x86
	EndGlobalSection
	GlobalSection(ProjectConfigurationPlatforms) = postSolution
		{21386A56-90EA-4B20-8EBE-F203B1F9C2E9}.Debug|x86.ActiveCfg = Debug|Any CPU
		{21386A56-90EA-4B20-8EBE-F203B1F9C2E9}.Debug|x86.Build.0 = Debug|Any CPU
		{21386A56-90EA-4B20-8EBE-F203B1F9C2E9}.Release|x86.ActiveCfg = Release|Any CPU
		{21386A56-90EA-4B20-8EBE-F203B1F9C2E9}.Release|x86.Build.0 = Release|Any CPU
		{2F9C975F-F200-4AD7-8709-009386BA1DB8}.Debug|x86.ActiveCfg = Debug|Any CPU
		{2F9C975F-F200-4AD7-8709-009386BA1DB8}.Release|x86.ActiveCfg = Release|Any CPU
		{5935E636-58F3-42BF-A512-200BDE04B5C1}.Debug|x86.ActiveCfg = Debug|Any CPU
		{5935E636-58F3-42BF-A512-200BDE04B5C1}.Debug|x86.Build.0 = Debug|Any CPU
		{5935E636-58F3-42BF-A512-200BDE04B5C1}.Release|x86.ActiveCfg = Release|Any CPU
		{5935E636-58F3-42BF-A512-200BDE04B5C1}.Release|x86.Build.0 = Release|Any CPU
		{599BD9F1-568F-4179-8265-433084F48D0A}.Debug|x86.ActiveCfg = Debug|x86
		{599BD9F1-568F-4179-8265-433084F48D0A}.Debug|x86.Build.0 = Debug|x86
		{599BD9F1-568F-4179-8265-433084F48D0A}.Release|x86.ActiveCfg = Release|x86
		{599BD9F1-568F-4179-8265-433084F48D0A}.Release|x86.Build.0 = Release|x86
		{5EA19EAF-3C9B-4BB5-B5FA-F2D8F1B4F31A}.Debug|x86.ActiveCfg = Debug|Any CPU
		{5EA19EAF-3C9B-4BB5-B5FA-F2D8F1B4F31A}.Debug|x86.Build.0 = Debug|Any CPU
		{5EA19EAF-3C9B-4BB5-B5FA-F2D8F1B4F31A}.Release|x86.ActiveCfg = Release|Any CPU
		{5EA19EAF-3C9B-4BB5-B5FA-F2D8F1B4F31A}.Release|x86.Build.0 = Release|Any CPU
		{8C1D9A79-D6C5-4257-9B3C-92CBD5A02280}.Debug|x86.ActiveCfg = Debug|Any CPU
		{8C1D9A79-D6C5-4257-9B3C-92CBD5A02280}.Debug|x86.Build.0 = Debug|Any CPU
		{8C1D9A79-D6C5-4257-9B3C-92CBD5A02280}.Release|x86.ActiveCfg = Release|Any CPU
		{8C1D9A79-D6C5-4257-9B3C-92CBD5A02280}.Release|x86.Build.0 = Release|Any CPU
		{A2D48155-00E0-45CA-9010-7796F46C2A7E}.Debug|x86.ActiveCfg = Debug|x86
		{A2D48155-00E0-45CA-9010-7796F46C2A7E}.Debug|x86.Build.0 = Debug|x86
		{A2D48155-00E0-45CA-9010-7796F46C2A7E}.Release|x86.ActiveCfg = Release|x86
		{A2D48155-00E0-45CA-9010-7796F46C2A7E}.Release|x86.Build.0 = Release|x86
		{B100B96E-5126-42ED-9DFB-5B503153E03C}.Debug|x86.ActiveCfg = Debug|Any CPU
		{B100B96E-5126-42ED-9DFB-5B503153E03C}.Debug|x86.Build.0 = Debug|Any CPU
		{B100B96E-5126-42ED-9DFB-5B503153E03C}.Release|x86.ActiveCfg = Release|Any CPU
		{B100B96E-5126-42ED-9DFB-5B503153E03C}.Release|x86.Build.0 = Release|Any CPU
		{E0768D6A-9AC9-49DC-9AAA-38D6D9B17644}.Debug|x86.ActiveCfg = Debug|Any CPU
		{E0768D6A-9AC9-49DC-9AAA-38D6D9B17644}.Debug|x86.Build.0 = Debug|Any CPU
		{E0768D6A-9AC9-49DC-9AAA-38D6D9B17644}.Release|x86.ActiveCfg = Release|Any CPU
		{E0768D6A-9AC9-49DC-9AAA-38D6D9B17644}.Release|x86.Build.0 = Release|Any CPU
	EndGlobalSection
	GlobalSection(MonoDevelopProperties) = preSolution
		StartupItem = testvault\testvault.csproj
	EndGlobalSection
EndGlobal
